// !$*UTF8*$!
{
	archiveVersion = 1;
	classes = {
	};
	objectVersion = 50;
	objects = {

/* Begin PBXBuildFile section */
		C504F068236E0BD200DD0393 /* AppDelegate.swift in Sources */ = {isa = PBXBuildFile; fileRef = C504F067236E0BD200DD0393 /* AppDelegate.swift */; };
		C504F06A236E0BD200DD0393 /* SceneDelegate.swift in Sources */ = {isa = PBXBuildFile; fileRef = C504F069236E0BD200DD0393 /* SceneDelegate.swift */; };
		C504F06D236E0BD200DD0393 /* Welon.xcdatamodeld in Sources */ = {isa = PBXBuildFile; fileRef = C504F06B236E0BD200DD0393 /* Welon.xcdatamodeld */; };
		C504F071236E0BD400DD0393 /* Assets.xcassets in Resources */ = {isa = PBXBuildFile; fileRef = C504F070236E0BD400DD0393 /* Assets.xcassets */; };
		C504F074236E0BD400DD0393 /* Preview Assets.xcassets in Resources */ = {isa = PBXBuildFile; fileRef = C504F073236E0BD400DD0393 /* Preview Assets.xcassets */; };
		C504F077236E0BD400DD0393 /* LaunchScreen.storyboard in Resources */ = {isa = PBXBuildFile; fileRef = C504F075236E0BD400DD0393 /* LaunchScreen.storyboard */; };
		C504F082236E0C8500DD0393 /* LoginView.swift in Sources */ = {isa = PBXBuildFile; fileRef = C504F081236E0C8500DD0393 /* LoginView.swift */; };
		C504F085236E0CC400DD0393 /* KeyboardResponder.swift in Sources */ = {isa = PBXBuildFile; fileRef = C504F084236E0CC400DD0393 /* KeyboardResponder.swift */; };
		C504F087236E0D0200DD0393 /* Constants.swift in Sources */ = {isa = PBXBuildFile; fileRef = C504F086236E0D0200DD0393 /* Constants.swift */; };
		C504F08A236E0D3400DD0393 /* DashBoard.swift in Sources */ = {isa = PBXBuildFile; fileRef = C504F089236E0D3400DD0393 /* DashBoard.swift */; };
		C504F08D236E0F4400DD0393 /* Restaurant.swift in Sources */ = {isa = PBXBuildFile; fileRef = C504F08C236E0F4400DD0393 /* Restaurant.swift */; };
		C51C3946237875B80022C5D7 /* RestaurantRowItem.swift in Sources */ = {isa = PBXBuildFile; fileRef = C51C3945237875B80022C5D7 /* RestaurantRowItem.swift */; };
		C5D4261D23821516004AEEB6 /* WelonUser.swift in Sources */ = {isa = PBXBuildFile; fileRef = C5D4261C23821516004AEEB6 /* WelonUser.swift */; };
		C5DF4EEF2379FF5A003F4DC4 /* cookie_green.png in Resources */ = {isa = PBXBuildFile; fileRef = C5DF4EEE2379FF5A003F4DC4 /* cookie_green.png */; };
/* End PBXBuildFile section */

/* Begin PBXFileReference section */
		C504F064236E0BD200DD0393 /* Welon.app */ = {isa = PBXFileReference; explicitFileType = wrapper.application; includeInIndex = 0; path = Welon.app; sourceTree = BUILT_PRODUCTS_DIR; };
		C504F067236E0BD200DD0393 /* AppDelegate.swift */ = {isa = PBXFileReference; lastKnownFileType = sourcecode.swift; path = AppDelegate.swift; sourceTree = "<group>"; };
		C504F069236E0BD200DD0393 /* SceneDelegate.swift */ = {isa = PBXFileReference; lastKnownFileType = sourcecode.swift; path = SceneDelegate.swift; sourceTree = "<group>"; };
		C504F06C236E0BD200DD0393 /* Welon.xcdatamodel */ = {isa = PBXFileReference; lastKnownFileType = wrapper.xcdatamodel; path = Welon.xcdatamodel; sourceTree = "<group>"; };
		C504F070236E0BD400DD0393 /* Assets.xcassets */ = {isa = PBXFileReference; lastKnownFileType = folder.assetcatalog; path = Assets.xcassets; sourceTree = "<group>"; };
		C504F073236E0BD400DD0393 /* Preview Assets.xcassets */ = {isa = PBXFileReference; lastKnownFileType = folder.assetcatalog; path = "Preview Assets.xcassets"; sourceTree = "<group>"; };
		C504F076236E0BD400DD0393 /* Base */ = {isa = PBXFileReference; lastKnownFileType = file.storyboard; name = Base; path = Base.lproj/LaunchScreen.storyboard; sourceTree = "<group>"; };
		C504F078236E0BD400DD0393 /* Info.plist */ = {isa = PBXFileReference; lastKnownFileType = text.plist.xml; path = Info.plist; sourceTree = "<group>"; };
		C504F081236E0C8500DD0393 /* LoginView.swift */ = {isa = PBXFileReference; lastKnownFileType = sourcecode.swift; path = LoginView.swift; sourceTree = "<group>"; };
		C504F084236E0CC400DD0393 /* KeyboardResponder.swift */ = {isa = PBXFileReference; lastKnownFileType = sourcecode.swift; path = KeyboardResponder.swift; sourceTree = "<group>"; };
		C504F086236E0D0200DD0393 /* Constants.swift */ = {isa = PBXFileReference; lastKnownFileType = sourcecode.swift; path = Constants.swift; sourceTree = "<group>"; };
		C504F089236E0D3400DD0393 /* DashBoard.swift */ = {isa = PBXFileReference; lastKnownFileType = sourcecode.swift; path = DashBoard.swift; sourceTree = "<group>"; };
		C504F08C236E0F4400DD0393 /* Restaurant.swift */ = {isa = PBXFileReference; lastKnownFileType = sourcecode.swift; path = Restaurant.swift; sourceTree = "<group>"; };
		C51C3945237875B80022C5D7 /* RestaurantRowItem.swift */ = {isa = PBXFileReference; lastKnownFileType = sourcecode.swift; path = RestaurantRowItem.swift; sourceTree = "<group>"; };
		C5D4261C23821516004AEEB6 /* WelonUser.swift */ = {isa = PBXFileReference; lastKnownFileType = sourcecode.swift; path = WelonUser.swift; sourceTree = "<group>"; };
		C5DF4EEE2379FF5A003F4DC4 /* cookie_green.png */ = {isa = PBXFileReference; lastKnownFileType = image.png; name = cookie_green.png; path = ../../../../../Downloads/cookie_green.png; sourceTree = "<group>"; };
/* End PBXFileReference section */

/* Begin PBXFrameworksBuildPhase section */
		C504F061236E0BD200DD0393 /* Frameworks */ = {
			isa = PBXFrameworksBuildPhase;
			buildActionMask = 2147483647;
			files = (
			);
			runOnlyForDeploymentPostprocessing = 0;
		};
/* End PBXFrameworksBuildPhase section */

/* Begin PBXGroup section */
		C504F05B236E0BD200DD0393 = {
			isa = PBXGroup;
			children = (
				C504F066236E0BD200DD0393 /* Welon */,
				C504F065236E0BD200DD0393 /* Products */,
			);
			sourceTree = "<group>";
		};
		C504F065236E0BD200DD0393 /* Products */ = {
			isa = PBXGroup;
			children = (
				C504F064236E0BD200DD0393 /* Welon.app */,
			);
			name = Products;
			sourceTree = "<group>";
		};
		C504F066236E0BD200DD0393 /* Welon */ = {
			isa = PBXGroup;
			children = (
				C504F08B236E0F3700DD0393 /* Entities */,
				C504F088236E0D2000DD0393 /* DashBoard */,
				C504F083236E0CA400DD0393 /* Utils */,
				C504F080236E0C7400DD0393 /* Login */,
				C504F067236E0BD200DD0393 /* AppDelegate.swift */,
				C504F069236E0BD200DD0393 /* SceneDelegate.swift */,
				C504F070236E0BD400DD0393 /* Assets.xcassets */,
				C504F075236E0BD400DD0393 /* LaunchScreen.storyboard */,
				C504F078236E0BD400DD0393 /* Info.plist */,
				C5DF4EEE2379FF5A003F4DC4 /* cookie_green.png */,
				C504F06B236E0BD200DD0393 /* Welon.xcdatamodeld */,
				C504F072236E0BD400DD0393 /* Preview Content */,
			);
			path = Welon;
			sourceTree = "<group>";
		};
		C504F072236E0BD400DD0393 /* Preview Content */ = {
			isa = PBXGroup;
			children = (
				C504F073236E0BD400DD0393 /* Preview Assets.xcassets */,
			);
			path = "Preview Content";
			sourceTree = "<group>";
		};
		C504F080236E0C7400DD0393 /* Login */ = {
			isa = PBXGroup;
			children = (
				C504F081236E0C8500DD0393 /* LoginView.swift */,
			);
			path = Login;
			sourceTree = "<group>";
		};
		C504F083236E0CA400DD0393 /* Utils */ = {
			isa = PBXGroup;
			children = (
				C504F084236E0CC400DD0393 /* KeyboardResponder.swift */,
				C504F086236E0D0200DD0393 /* Constants.swift */,
			);
			path = Utils;
			sourceTree = "<group>";
		};
		C504F088236E0D2000DD0393 /* DashBoard */ = {
			isa = PBXGroup;
			children = (
				C504F089236E0D3400DD0393 /* DashBoard.swift */,
				C51C3945237875B80022C5D7 /* RestaurantRowItem.swift */,
			);
			path = DashBoard;
			sourceTree = "<group>";
		};
		C504F08B236E0F3700DD0393 /* Entities */ = {
			isa = PBXGroup;
			children = (
				C504F08C236E0F4400DD0393 /* Restaurant.swift */,
				C5D4261C23821516004AEEB6 /* WelonUser.swift */,
			);
			path = Entities;
			sourceTree = "<group>";
		};
/* End PBXGroup section */

/* Begin PBXNativeTarget section */
		C504F063236E0BD200DD0393 /* Welon */ = {
			isa = PBXNativeTarget;
			buildConfigurationList = C504F07B236E0BD400DD0393 /* Build configuration list for PBXNativeTarget "Welon" */;
			buildPhases = (
				C504F060236E0BD200DD0393 /* Sources */,
				C504F061236E0BD200DD0393 /* Frameworks */,
				C504F062236E0BD200DD0393 /* Resources */,
			);
			buildRules = (
			);
			dependencies = (
			);
			name = Welon;
			productName = Welon;
			productReference = C504F064236E0BD200DD0393 /* Welon.app */;
			productType = "com.apple.product-type.application";
		};
/* End PBXNativeTarget section */

/* Begin PBXProject section */
		C504F05C236E0BD200DD0393 /* Project object */ = {
			isa = PBXProject;
			attributes = {
				LastSwiftUpdateCheck = 1120;
				LastUpgradeCheck = 1120;
				ORGANIZATIONNAME = Drping;
				TargetAttributes = {
					C504F063236E0BD200DD0393 = {
						CreatedOnToolsVersion = 11.2;
					};
				};
			};
			buildConfigurationList = C504F05F236E0BD200DD0393 /* Build configuration list for PBXProject "Welon" */;
			compatibilityVersion = "Xcode 9.3";
			developmentRegion = en;
			hasScannedForEncodings = 0;
			knownRegions = (
				en,
				Base,
			);
			mainGroup = C504F05B236E0BD200DD0393;
			productRefGroup = C504F065236E0BD200DD0393 /* Products */;
			projectDirPath = "";
			projectRoot = "";
			targets = (
				C504F063236E0BD200DD0393 /* Welon */,
			);
		};
/* End PBXProject section */

/* Begin PBXResourcesBuildPhase section */
		C504F062236E0BD200DD0393 /* Resources */ = {
			isa = PBXResourcesBuildPhase;
			buildActionMask = 2147483647;
			files = (
				C504F077236E0BD400DD0393 /* LaunchScreen.storyboard in Resources */,
				C5DF4EEF2379FF5A003F4DC4 /* cookie_green.png in Resources */,
				C504F074236E0BD400DD0393 /* Preview Assets.xcassets in Resources */,
				C504F071236E0BD400DD0393 /* Assets.xcassets in Resources */,
			);
			runOnlyForDeploymentPostprocessing = 0;
		};
/* End PBXResourcesBuildPhase section */

/* Begin PBXSourcesBuildPhase section */
		C504F060236E0BD200DD0393 /* Sources */ = {
			isa = PBXSourcesBuildPhase;
			buildActionMask = 2147483647;
			files = (
				C504F068236E0BD200DD0393 /* AppDelegate.swift in Sources */,
				C504F06A236E0BD200DD0393 /* SceneDelegate.swift in Sources */,
				C504F08A236E0D3400DD0393 /* DashBoard.swift in Sources */,
				C504F082236E0C8500DD0393 /* LoginView.swift in Sources */,
				C504F08D236E0F4400DD0393 /* Restaurant.swift in Sources */,
				C5D4261D23821516004AEEB6 /* WelonUser.swift in Sources */,
				C504F087236E0D0200DD0393 /* Constants.swift in Sources */,
				C51C3946237875B80022C5D7 /* RestaurantRowItem.swift in Sources */,
				C504F06D236E0BD200DD0393 /* Welon.xcdatamodeld in Sources */,
				C504F085236E0CC400DD0393 /* KeyboardResponder.swift in Sources */,
			);
			runOnlyForDeploymentPostprocessing = 0;
		};
/* End PBXSourcesBuildPhase section */

/* Begin PBXVariantGroup section */
		C504F075236E0BD400DD0393 /* LaunchScreen.storyboard */ = {
			isa = PBXVariantGroup;
			children = (
				C504F076236E0BD400DD0393 /* Base */,
			);
			name = LaunchScreen.storyboard;
			sourceTree = "<group>";
		};
/* End PBXVariantGroup section */

/* Begin XCBuildConfiguration section */
		C504F079236E0BD400DD0393 /* Debug */ = {
			isa = XCBuildConfiguration;
			buildSettings = {
				ALWAYS_SEARCH_USER_PATHS = NO;
				CLANG_ANALYZER_NONNULL = YES;
				CLANG_ANALYZER_NUMBER_OBJECT_CONVERSION = YES_AGGRESSIVE;
				CLANG_CXX_LANGUAGE_STANDARD = "gnu++14";
				CLANG_CXX_LIBRARY = "libc++";
				CLANG_ENABLE_MODULES = YES;
				CLANG_ENABLE_OBJC_ARC = YES;
				CLANG_ENABLE_OBJC_WEAK = YES;
				CLANG_WARN_BLOCK_CAPTURE_AUTORELEASING = YES;
				CLANG_WARN_BOOL_CONVERSION = YES;
				CLANG_WARN_COMMA = YES;
				CLANG_WARN_CONSTANT_CONVERSION = YES;
				CLANG_WARN_DEPRECATED_OBJC_IMPLEMENTATIONS = YES;
				CLANG_WARN_DIRECT_OBJC_ISA_USAGE = YES_ERROR;
				CLANG_WARN_DOCUMENTATION_COMMENTS = YES;
				CLANG_WARN_EMPTY_BODY = YES;
				CLANG_WARN_ENUM_CONVERSION = YES;
				CLANG_WARN_INFINITE_RECURSION = YES;
				CLANG_WARN_INT_CONVERSION = YES;
				CLANG_WARN_NON_LITERAL_NULL_CONVERSION = YES;
				CLANG_WARN_OBJC_IMPLICIT_RETAIN_SELF = YES;
				CLANG_WARN_OBJC_LITERAL_CONVERSION = YES;
				CLANG_WARN_OBJC_ROOT_CLASS = YES_ERROR;
				CLANG_WARN_RANGE_LOOP_ANALYSIS = YES;
				CLANG_WARN_STRICT_PROTOTYPES = YES;
				CLANG_WARN_SUSPICIOUS_MOVE = YES;
				CLANG_WARN_UNGUARDED_AVAILABILITY = YES_AGGRESSIVE;
				CLANG_WARN_UNREACHABLE_CODE = YES;
				CLANG_WARN__DUPLICATE_METHOD_MATCH = YES;
				COPY_PHASE_STRIP = NO;
				DEBUG_INFORMATION_FORMAT = dwarf;
				ENABLE_STRICT_OBJC_MSGSEND = YES;
				ENABLE_TESTABILITY = YES;
				GCC_C_LANGUAGE_STANDARD = gnu11;
				GCC_DYNAMIC_NO_PIC = NO;
				GCC_NO_COMMON_BLOCKS = YES;
				GCC_OPTIMIZATION_LEVEL = 0;
				GCC_PREPROCESSOR_DEFINITIONS = (
					"DEBUG=1",
					"$(inherited)",
				);
				GCC_WARN_64_TO_32_BIT_CONVERSION = YES;
				GCC_WARN_ABOUT_RETURN_TYPE = YES_ERROR;
				GCC_WARN_UNDECLARED_SELECTOR = YES;
				GCC_WARN_UNINITIALIZED_AUTOS = YES_AGGRESSIVE;
				GCC_WARN_UNUSED_FUNCTION = YES;
				GCC_WARN_UNUSED_VARIABLE = YES;
				IPHONEOS_DEPLOYMENT_TARGET = 13.2;
				MTL_ENABLE_DEBUG_INFO = INCLUDE_SOURCE;
				MTL_FAST_MATH = YES;
				ONLY_ACTIVE_ARCH = YES;
				SDKROOT = iphoneos;
				SWIFT_ACTIVE_COMPILATION_CONDITIONS = DEBUG;
				SWIFT_OPTIMIZATION_LEVEL = "-Onone";
			};
			name = Debug;
		};
		C504F07A236E0BD400DD0393 /* Release */ = {
			isa = XCBuildConfiguration;
			buildSettings = {
				ALWAYS_SEARCH_USER_PATHS = NO;
				CLANG_ANALYZER_NONNULL = YES;
				CLANG_ANALYZER_NUMBER_OBJECT_CONVERSION = YES_AGGRESSIVE;
				CLANG_CXX_LANGUAGE_STANDARD = "gnu++14";
				CLANG_CXX_LIBRARY = "libc++";
				CLANG_ENABLE_MODULES = YES;
				CLANG_ENABLE_OBJC_ARC = YES;
				CLANG_ENABLE_OBJC_WEAK = YES;
				CLANG_WARN_BLOCK_CAPTURE_AUTORELEASING = YES;
				CLANG_WARN_BOOL_CONVERSION = YES;
				CLANG_WARN_COMMA = YES;
				CLANG_WARN_CONSTANT_CONVERSION = YES;
				CLANG_WARN_DEPRECATED_OBJC_IMPLEMENTATIONS = YES;
				CLANG_WARN_DIRECT_OBJC_ISA_USAGE = YES_ERROR;
				CLANG_WARN_DOCUMENTATION_COMMENTS = YES;
				CLANG_WARN_EMPTY_BODY = YES;
				CLANG_WARN_ENUM_CONVERSION = YES;
				CLANG_WARN_INFINITE_RECURSION = YES;
				CLANG_WARN_INT_CONVERSION = YES;
				CLANG_WARN_NON_LITERAL_NULL_CONVERSION = YES;
				CLANG_WARN_OBJC_IMPLICIT_RETAIN_SELF = YES;
				CLANG_WARN_OBJC_LITERAL_CONVERSION = YES;
				CLANG_WARN_OBJC_ROOT_CLASS = YES_ERROR;
				CLANG_WARN_RANGE_LOOP_ANALYSIS = YES;
				CLANG_WARN_STRICT_PROTOTYPES = YES;
				CLANG_WARN_SUSPICIOUS_MOVE = YES;
				CLANG_WARN_UNGUARDED_AVAILABILITY = YES_AGGRESSIVE;
				CLANG_WARN_UNREACHABLE_CODE = YES;
				CLANG_WARN__DUPLICATE_METHOD_MATCH = YES;
				COPY_PHASE_STRIP = NO;
				DEBUG_INFORMATION_FORMAT = "dwarf-with-dsym";
				ENABLE_NS_ASSERTIONS = NO;
				ENABLE_STRICT_OBJC_MSGSEND = YES;
				GCC_C_LANGUAGE_STANDARD = gnu11;
				GCC_NO_COMMON_BLOCKS = YES;
				GCC_WARN_64_TO_32_BIT_CONVERSION = YES;
				GCC_WARN_ABOUT_RETURN_TYPE = YES_ERROR;
				GCC_WARN_UNDECLARED_SELECTOR = YES;
				GCC_WARN_UNINITIALIZED_AUTOS = YES_AGGRESSIVE;
				GCC_WARN_UNUSED_FUNCTION = YES;
				GCC_WARN_UNUSED_VARIABLE = YES;
				IPHONEOS_DEPLOYMENT_TARGET = 13.2;
				MTL_ENABLE_DEBUG_INFO = NO;
				MTL_FAST_MATH = YES;
				SDKROOT = iphoneos;
				SWIFT_COMPILATION_MODE = wholemodule;
				SWIFT_OPTIMIZATION_LEVEL = "-O";
				VALIDATE_PRODUCT = YES;
			};
			name = Release;
		};
		C504F07C236E0BD400DD0393 /* Debug */ = {
			isa = XCBuildConfiguration;
			buildSettings = {
				ASSETCATALOG_COMPILER_APPICON_NAME = AppIcon;
				CODE_SIGN_STYLE = Automatic;
				DEVELOPMENT_ASSET_PATHS = "\"Welon/Preview Content\"";
				DEVELOPMENT_TEAM = MNPUMTPS7V;
				ENABLE_PREVIEWS = YES;
				INFOPLIST_FILE = Welon/Info.plist;
				LD_RUNPATH_SEARCH_PATHS = (
					"$(inherited)",
					"@executable_path/Frameworks",
				);
				PRODUCT_BUNDLE_IDENTIFIER = com.drping.Welon;
				PRODUCT_NAME = "$(TARGET_NAME)";
				SWIFT_VERSION = 5.0;
				TARGETED_DEVICE_FAMILY = "1,2";
			};
			name = Debug;
		};
		C504F07D236E0BD400DD0393 /* Release */ = {
			isa = XCBuildConfiguration;
			buildSettings = {
				ASSETCATALOG_COMPILER_APPICON_NAME = AppIcon;
				CODE_SIGN_STYLE = Automatic;
				DEVELOPMENT_ASSET_PATHS = "\"Welon/Preview Content\"";
				DEVELOPMENT_TEAM = MNPUMTPS7V;
				ENABLE_PREVIEWS = YES;
				INFOPLIST_FILE = Welon/Info.plist;
				LD_RUNPATH_SEARCH_PATHS = (
					"$(inherited)",
					"@executable_path/Frameworks",
				);
				PRODUCT_BUNDLE_IDENTIFIER = com.drping.Welon;
				PRODUCT_NAME = "$(TARGET_NAME)";
				SWIFT_VERSION = 5.0;
				TARGETED_DEVICE_FAMILY = "1,2";
			};
			name = Release;
		};
/* End XCBuildConfiguration section */

/* Begin XCConfigurationList section */
		C504F05F236E0BD200DD0393 /* Build configuration list for PBXProject "Welon" */ = {
			isa = XCConfigurationList;
			buildConfigurations = (
				C504F079236E0BD400DD0393 /* Debug */,
				C504F07A236E0BD400DD0393 /* Release */,
			);
			defaultConfigurationIsVisible = 0;
			defaultConfigurationName = Release;
		};
		C504F07B236E0BD400DD0393 /* Build configuration list for PBXNativeTarget "Welon" */ = {
			isa = XCConfigurationList;
			buildConfigurations = (
				C504F07C236E0BD400DD0393 /* Debug */,
				C504F07D236E0BD400DD0393 /* Release */,
			);
			defaultConfigurationIsVisible = 0;
			defaultConfigurationName = Release;
		};
/* End XCConfigurationList section */

/* Begin XCVersionGroup section */
		C504F06B236E0BD200DD0393 /* Welon.xcdatamodeld */ = {
			isa = XCVersionGroup;
			children = (
				C504F06C236E0BD200DD0393 /* Welon.xcdatamodel */,
			);
			currentVersion = C504F06C236E0BD200DD0393 /* Welon.xcdatamodel */;
			path = Welon.xcdatamodeld;
			sourceTree = "<group>";
			versionGroupType = wrapper.xcdatamodel;
		};
/* End XCVersionGroup section */
	};
	rootObject = C504F05C236E0BD200DD0393 /* Project object */;
}
